// !$*UTF8*$!
{
	archiveVersion = 1;
	classes = {
	};
	objectVersion = 50;
	objects = {

/* Begin PBXBuildFile section */
		DDF93DF620C5271200355DB1 /* AppDelegate.swift in Sources */ = {isa = PBXBuildFile; fileRef = DDF93DF520C5271200355DB1 /* AppDelegate.swift */; };
		DDF93DF820C5271200355DB1 /* ViewController.swift in Sources */ = {isa = PBXBuildFile; fileRef = DDF93DF720C5271200355DB1 /* ViewController.swift */; };
		DDF93DFB20C5271200355DB1 /* Main.storyboard in Resources */ = {isa = PBXBuildFile; fileRef = DDF93DF920C5271200355DB1 /* Main.storyboard */; };
		DDF93DFD20C5271200355DB1 /* Assets.xcassets in Resources */ = {isa = PBXBuildFile; fileRef = DDF93DFC20C5271200355DB1 /* Assets.xcassets */; };
		DDF93E0020C5271200355DB1 /* LaunchScreen.storyboard in Resources */ = {isa = PBXBuildFile; fileRef = DDF93DFE20C5271200355DB1 /* LaunchScreen.storyboard */; };
		DDF93E0820C5280400355DB1 /* MapItinerary.swift in Sources */ = {isa = PBXBuildFile; fileRef = DDF93E0720C5280400355DB1 /* MapItinerary.swift */; };
/* End PBXBuildFile section */

/* Begin PBXFileReference section */
		DDF93DF220C5271200355DB1 /* GitTry.app */ = {isa = PBXFileReference; explicitFileType = wrapper.application; includeInIndex = 0; path = GitTry.app; sourceTree = BUILT_PRODUCTS_DIR; };
		DDF93DF520C5271200355DB1 /* AppDelegate.swift */ = {isa = PBXFileReference; lastKnownFileType = sourcecode.swift; path = AppDelegate.swift; sourceTree = "<group>"; };
		DDF93DF720C5271200355DB1 /* ViewController.swift */ = {isa = PBXFileReference; lastKnownFileType = sourcecode.swift; path = ViewController.swift; sourceTree = "<group>"; };
		DDF93DFA20C5271200355DB1 /* Base */ = {isa = PBXFileReference; lastKnownFileType = file.storyboard; name = Base; path = Base.lproj/Main.storyboard; sourceTree = "<group>"; };
		DDF93DFC20C5271200355DB1 /* Assets.xcassets */ = {isa = PBXFileReference; lastKnownFileType = folder.assetcatalog; path = Assets.xcassets; sourceTree = "<group>"; };
		DDF93DFF20C5271200355DB1 /* Base */ = {isa = PBXFileReference; lastKnownFileType = file.storyboard; name = Base; path = Base.lproj/LaunchScreen.storyboard; sourceTree = "<group>"; };
		DDF93E0120C5271200355DB1 /* Info.plist */ = {isa = PBXFileReference; lastKnownFileType = text.plist.xml; path = Info.plist; sourceTree = "<group>"; };
		DDF93E0720C5280400355DB1 /* MapItinerary.swift */ = {isa = PBXFileReference; lastKnownFileType = sourcecode.swift; path = MapItinerary.swift; sourceTree = "<group>"; };
/* End PBXFileReference section */

/* Begin PBXFrameworksBuildPhase section */
		DDF93DEF20C5271200355DB1 /* Frameworks */ = {
			isa = PBXFrameworksBuildPhase;
			buildActionMask = 2147483647;
			files = (
			);
			runOnlyForDeploymentPostprocessing = 0;
		};
/* End PBXFrameworksBuildPhase section */

/* Begin PBXGroup section */
		DDF93DE920C5271200355DB1 = {
			isa = PBXGroup;
			children = (
				DDF93DF420C5271200355DB1 /* GitTry */,
				DDF93DF320C5271200355DB1 /* Products */,
			);
			sourceTree = "<group>";
		};
		DDF93DF320C5271200355DB1 /* Products */ = {
			isa = PBXGroup;
			children = (
				DDF93DF220C5271200355DB1 /* GitTry.app */,
			);
			name = Products;
			sourceTree = "<group>";
		};
		DDF93DF420C5271200355DB1 /* GitTry */ = {
			isa = PBXGroup;
			children = (
				DDF93DF520C5271200355DB1 /* AppDelegate.swift */,
				DDF93DF720C5271200355DB1 /* ViewController.swift */,
				DDF93DF920C5271200355DB1 /* Main.storyboard */,
				DDF93E0720C5280400355DB1 /* MapItinerary.swift */,
				DDF93DFC20C5271200355DB1 /* Assets.xcassets */,
				DDF93DFE20C5271200355DB1 /* LaunchScreen.storyboard */,
				DDF93E0120C5271200355DB1 /* Info.plist */,
			);
			path = GitTry;
			sourceTree = "<group>";
		};
/* End PBXGroup section */

/* Begin PBXNativeTarget section */
		DDF93DF120C5271200355DB1 /* GitTry */ = {
			isa = PBXNativeTarget;
			buildConfigurationList = DDF93E0420C5271200355DB1 /* Build configuration list for PBXNativeTarget "GitTry" */;
			buildPhases = (
				DDF93DEE20C5271200355DB1 /* Sources */,
				DDF93DEF20C5271200355DB1 /* Frameworks */,
				DDF93DF020C5271200355DB1 /* Resources */,
			);
			buildRules = (
			);
			dependencies = (
			);
			name = GitTry;
			productName = GitTry;
			productReference = DDF93DF220C5271200355DB1 /* GitTry.app */;
			productType = "com.apple.product-type.application";
		};
/* End PBXNativeTarget section */

/* Begin PBXProject section */
		DDF93DEA20C5271200355DB1 /* Project object */ = {
			isa = PBXProject;
			attributes = {
				LastSwiftUpdateCheck = 0940;
				LastUpgradeCheck = 0940;
				ORGANIZATIONNAME = "Tan Ga Foo";
				TargetAttributes = {
					DDF93DF120C5271200355DB1 = {
						CreatedOnToolsVersion = 9.4;
					};
				};
			};
			buildConfigurationList = DDF93DED20C5271200355DB1 /* Build configuration list for PBXProject "GitTry" */;
			compatibilityVersion = "Xcode 9.3";
			developmentRegion = en;
			hasScannedForEncodings = 0;
			knownRegions = (
				en,
				Base,
			);
			mainGroup = DDF93DE920C5271200355DB1;
			productRefGroup = DDF93DF320C5271200355DB1 /* Products */;
			projectDirPath = "";
			projectRoot = "";
			targets = (
				DDF93DF120C5271200355DB1 /* GitTry */,
			);
		};
/* End PBXProject section */

/* Begin PBXResourcesBuildPhase section */
		DDF93DF020C5271200355DB1 /* Resources */ = {
			isa = PBXResourcesBuildPhase;
			buildActionMask = 2147483647;
			files = (
				DDF93E0020C5271200355DB1 /* LaunchScreen.storyboard in Resources */,
				DDF93DFD20C5271200355DB1 /* Assets.xcassets in Resources */,
				DDF93DFB20C5271200355DB1 /* Main.storyboard in Resources */,
			);
			runOnlyForDeploymentPostprocessing = 0;
		};
/* End PBXResourcesBuildPhase section */

/* Begin PBXSourcesBuildPhase section */
		DDF93DEE20C5271200355DB1 /* Sources */ = {
			isa = PBXSourcesBuildPhase;
			buildActionMask = 2147483647;
			files = (
				DDF93E0820C5280400355DB1 /* MapItinerary.swift in Sources */,
				DDF93DF820C5271200355DB1 /* ViewController.swift in Sources */,
				DDF93DF620C5271200355DB1 /* AppDelegate.swift in Sources */,
			);
			runOnlyForDeploymentPostprocessing = 0;
		};
/* End PBXSourcesBuildPhase section */

/* Begin PBXVariantGroup section */
		DDF93DF920C5271200355DB1 /* Main.storyboard */ = {
			isa = PBXVariantGroup;
			children = (
				DDF93DFA20C5271200355DB1 /* Base */,
			);
			name = Main.storyboard;
			sourceTree = "<group>";
		};
		DDF93DFE20C5271200355DB1 /* LaunchScreen.storyboard */ = {
			isa = PBXVariantGroup;
			children = (
				DDF93DFF20C5271200355DB1 /* Base */,
			);
			name = LaunchScreen.storyboard;
			sourceTree = "<group>";
		};
/* End PBXVariantGroup section */

/* Begin XCBuildConfiguration section */
		DDF93E0220C5271200355DB1 /* Debug */ = {
			isa = XCBuildConfiguration;
			buildSettings = {
				ALWAYS_SEARCH_USER_PATHS = NO;
				CLANG_ANALYZER_NONNULL = YES;
				CLANG_ANALYZER_NUMBER_OBJECT_CONVERSION = YES_AGGRESSIVE;
				CLANG_CXX_LANGUAGE_STANDARD = "gnu++14";
				CLANG_CXX_LIBRARY = "libc++";
				CLANG_ENABLE_MODULES = YES;
				CLANG_ENABLE_OBJC_ARC = YES;
				CLANG_ENABLE_OBJC_WEAK = YES;
				CLANG_WARN_BLOCK_CAPTURE_AUTORELEASING = YES;
				CLANG_WARN_BOOL_CONVERSION = YES;
				CLANG_WARN_COMMA = YES;
				CLANG_WARN_CONSTANT_CONVERSION = YES;
				CLANG_WARN_DEPRECATED_OBJC_IMPLEMENTATIONS = YES;
				CLANG_WARN_DIRECT_OBJC_ISA_USAGE = YES_ERROR;
				CLANG_WARN_DOCUMENTATION_COMMENTS = YES;
				CLANG_WARN_EMPTY_BODY = YES;
				CLANG_WARN_ENUM_CONVERSION = YES;
				CLANG_WARN_INFINITE_RECURSION = YES;
				CLANG_WARN_INT_CONVERSION = YES;
				CLANG_WARN_NON_LITERAL_NULL_CONVERSION = YES;
				CLANG_WARN_OBJC_IMPLICIT_RETAIN_SELF = YES;
				CLANG_WARN_OBJC_LITERAL_CONVERSION = YES;
				CLANG_WARN_OBJC_ROOT_CLASS = YES_ERROR;
				CLANG_WARN_RANGE_LOOP_ANALYSIS = YES;
				CLANG_WARN_STRICT_PROTOTYPES = YES;
				CLANG_WARN_SUSPICIOUS_MOVE = YES;
				CLANG_WARN_UNGUARDED_AVAILABILITY = YES_AGGRESSIVE;
				CLANG_WARN_UNREACHABLE_CODE = YES;
				CLANG_WARN__DUPLICATE_METHOD_MATCH = YES;
				CODE_SIGN_IDENTITY = "iPhone Developer";
				COPY_PHASE_STRIP = NO;
				DEBUG_INFORMATION_FORMAT = dwarf;
				ENABLE_STRICT_OBJC_MSGSEND = YES;
				ENABLE_TESTABILITY = YES;
				GCC_C_LANGUAGE_STANDARD = gnu11;
				GCC_DYNAMIC_NO_PIC = NO;
				GCC_NO_COMMON_BLOCKS = YES;
				GCC_OPTIMIZATION_LEVEL = 0;
				GCC_PREPROCESSOR_DEFINITIONS = (
					"DEBUG=1",
					"$(inherited)",
				);
				GCC_WARN_64_TO_32_BIT_CONVERSION = YES;
				GCC_WARN_ABOUT_RETURN_TYPE = YES_ERROR;
				GCC_WARN_UNDECLARED_SELECTOR = YES;
				GCC_WARN_UNINITIALIZED_AUTOS = YES_AGGRESSIVE;
				GCC_WARN_UNUSED_FUNCTION = YES;
				GCC_WARN_UNUSED_VARIABLE = YES;
				IPHONEOS_DEPLOYMENT_TARGET = 11.4;
				MTL_ENABLE_DEBUG_INFO = YES;
				ONLY_ACTIVE_ARCH = YES;
				SDKROOT = iphoneos;
				SWIFT_ACTIVE_COMPILATION_CONDITIONS = DEBUG;
				SWIFT_OPTIMIZATION_LEVEL = "-Onone";
			};
			name = Debug;
		};
		DDF93E0320C5271200355DB1 /* Release */ = {
			isa = XCBuildConfiguration;
			buildSettings = {
				ALWAYS_SEARCH_USER_PATHS = NO;
				CLANG_ANALYZER_NONNULL = YES;
				CLANG_ANALYZER_NUMBER_OBJECT_CONVERSION = YES_AGGRESSIVE;
				CLANG_CXX_LANGUAGE_STANDARD = "gnu++14";
				CLANG_CXX_LIBRARY = "libc++";
				CLANG_ENABLE_MODULES = YES;
				CLANG_ENABLE_OBJC_ARC = YES;
				CLANG_ENABLE_OBJC_WEAK = YES;
				CLANG_WARN_BLOCK_CAPTURE_AUTORELEASING = YES;
				CLANG_WARN_BOOL_CONVERSION = YES;
				CLANG_WARN_COMMA = YES;
				CLANG_WARN_CONSTANT_CONVERSION = YES;
				CLANG_WARN_DEPRECATED_OBJC_IMPLEMENTATIONS = YES;
				CLANG_WARN_DIRECT_OBJC_ISA_USAGE = YES_ERROR;
				CLANG_WARN_DOCUMENTATION_COMMENTS = YES;
				CLANG_WARN_EMPTY_BODY = YES;
				CLANG_WARN_ENUM_CONVERSION = YES;
				CLANG_WARN_INFINITE_RECURSION = YES;
				CLANG_WARN_INT_CONVERSION = YES;
				CLANG_WARN_NON_LITERAL_NULL_CONVERSION = YES;
				CLANG_WARN_OBJC_IMPLICIT_RETAIN_SELF = YES;
				CLANG_WARN_OBJC_LITERAL_CONVERSION = YES;
				CLANG_WARN_OBJC_ROOT_CLASS = YES_ERROR;
				CLANG_WARN_RANGE_LOOP_ANALYSIS = YES;
				CLANG_WARN_STRICT_PROTOTYPES = YES;
				CLANG_WARN_SUSPICIOUS_MOVE = YES;
				CLANG_WARN_UNGUARDED_AVAILABILITY = YES_AGGRESSIVE;
				CLANG_WARN_UNREACHABLE_CODE = YES;
				CLANG_WARN__DUPLICATE_METHOD_MATCH = YES;
				CODE_SIGN_IDENTITY = "iPhone Developer";
				COPY_PHASE_STRIP = NO;
				DEBUG_INFORMATION_FORMAT = "dwarf-with-dsym";
				ENABLE_NS_ASSERTIONS = NO;
				ENABLE_STRICT_OBJC_MSGSEND = YES;
				GCC_C_LANGUAGE_STANDARD = gnu11;
				GCC_NO_COMMON_BLOCKS = YES;
				GCC_WARN_64_TO_32_BIT_CONVERSION = YES;
				GCC_WARN_ABOUT_RETURN_TYPE = YES_ERROR;
				GCC_WARN_UNDECLARED_SELECTOR = YES;
				GCC_WARN_UNINITIALIZED_AUTOS = YES_AGGRESSIVE;
				GCC_WARN_UNUSED_FUNCTION = YES;
				GCC_WARN_UNUSED_VARIABLE = YES;
				IPHONEOS_DEPLOYMENT_TARGET = 11.4;
				MTL_ENABLE_DEBUG_INFO = NO;
				SDKROOT = iphoneos;
				SWIFT_COMPILATION_MODE = wholemodule;
				SWIFT_OPTIMIZATION_LEVEL = "-O";
				VALIDATE_PRODUCT = YES;
			};
			name = Release;
		};
		DDF93E0520C5271200355DB1 /* Debug */ = {
			isa = XCBuildConfiguration;
			buildSettings = {
				ASSETCATALOG_COMPILER_APPICON_NAME = AppIcon;
				CODE_SIGN_STYLE = Automatic;
				INFOPLIST_FILE = GitTry/Info.plist;
				LD_RUNPATH_SEARCH_PATHS = (
					"$(inherited)",
					"@executable_path/Frameworks",
				);
				PRODUCT_BUNDLE_IDENTIFIER = com.example.GitTry;
				PRODUCT_NAME = "$(TARGET_NAME)";
				SWIFT_VERSION = 4.0;
				TARGETED_DEVICE_FAMILY = "1,2";
			};
			name = Debug;
		};
		DDF93E0620C5271200355DB1 /* Release */ = {
			isa = XCBuildConfiguration;
			buildSettings = {
				ASSETCATALOG_COMPILER_APPICON_NAME = AppIcon;
				CODE_SIGN_STYLE = Automatic;
				INFOPLIST_FILE = GitTry/Info.plist;
				LD_RUNPATH_SEARCH_PATHS = (
					"$(inherited)",
					"@executable_path/Frameworks",
				);
				PRODUCT_BUNDLE_IDENTIFIER = com.example.GitTry;
				PRODUCT_NAME = "$(TARGET_NAME)";
				SWIFT_VERSION = 4.0;
				TARGETED_DEVICE_FAMILY = "1,2";
			};
			name = Release;
		};
/* End XCBuildConfiguration section */

/* Begin XCConfigurationList section */
		DDF93DED20C5271200355DB1 /* Build configuration list for PBXProject "GitTry" */ = {
			isa = XCConfigurationList;
			buildConfigurations = (
				DDF93E0220C5271200355DB1 /* Debug */,
				DDF93E0320C5271200355DB1 /* Release */,
			);
			defaultConfigurationIsVisible = 0;
			defaultConfigurationName = Release;
		};
		DDF93E0420C5271200355DB1 /* Build configuration list for PBXNativeTarget "GitTry" */ = {
			isa = XCConfigurationList;
			buildConfigurations = (
				DDF93E0520C5271200355DB1 /* Debug */,
				DDF93E0620C5271200355DB1 /* Release */,
			);
			defaultConfigurationIsVisible = 0;
			defaultConfigurationName = Release;
		};
/* End XCConfigurationList section */
	};
	rootObject = DDF93DEA20C5271200355DB1 /* Project object */;
}
